
Microsoft Visual Studio Solution File, Format Version 12.00
# Visual Studio Version 16
VisualStudioVersion = 16.0.30621.155
MinimumVisualStudioVersion = 10.0.40219.1
Project("{FAE04EC0-301F-11D3-BF4B-00C04F79EFBC}") = "AngularJsBijay", "AngularJsBijay.csproj", "{227A77F7-B2DD-4ED6-BED5-8C73237C5B8C}"
EndProject
Global
	GlobalSection(SolutionConfigurationPlatforms) = preSolution
		Debug|Any CPU = Debug|Any CPU
		Release|Any CPU = Release|Any CPU
	EndGlobalSection
	GlobalSection(ProjectConfigurationPlatforms) = postSolution
		{227A77F7-B2DD-4ED6-BED5-8C73237C5B8C}.Debug|Any CPU.ActiveCfg = Debug|Any CPU
		{227A77F7-B2DD-4ED6-BED5-8C73237C5B8C}.Debug|Any CPU.Build.0 = Debug|Any CPU
		{227A77F7-B2DD-4ED6-BED5-8C73237C5B8C}.Release|Any CPU.ActiveCfg = Release|Any CPU
		{227A77F7-B2DD-4ED6-BED5-8C73237C5B8C}.Release|Any CPU.Build.0 = Release|Any CPU
	EndGlobalSection
	GlobalSection(SolutionProperties) = preSolution
		HideSolutionNode = FALSE
	EndGlobalSection
	GlobalSection(ExtensibilityGlobals) = postSolution
		SolutionGuid = {86739D0B-D11A-4F60-97CB-0EE10E8D5C96}
	EndGlobalSection
EndGlobal
