
Microsoft Visual Studio Solution File, Format Version 12.00
# Visual Studio Version 16
VisualStudioVersion = 16.0.30503.244
MinimumVisualStudioVersion = 10.0.40219.1
Project("{FAE04EC0-301F-11D3-BF4B-00C04F79EFBC}") = "BasicCSharp", "BasicCSharp\BasicCSharp.csproj", "{9B973F1E-8F6D-434A-8CEB-A5ABAEA67E9E}"
EndProject
Global
	GlobalSection(SolutionConfigurationPlatforms) = preSolution
		Debug|Any CPU = Debug|Any CPU
		Release|Any CPU = Release|Any CPU
	EndGlobalSection
	GlobalSection(ProjectConfigurationPlatforms) = postSolution
		{9B973F1E-8F6D-434A-8CEB-A5ABAEA67E9E}.Debug|Any CPU.ActiveCfg = Debug|Any CPU
		{9B973F1E-8F6D-434A-8CEB-A5ABAEA67E9E}.Debug|Any CPU.Build.0 = Debug|Any CPU
		{9B973F1E-8F6D-434A-8CEB-A5ABAEA67E9E}.Release|Any CPU.ActiveCfg = Release|Any CPU
		{9B973F1E-8F6D-434A-8CEB-A5ABAEA67E9E}.Release|Any CPU.Build.0 = Release|Any CPU
	EndGlobalSection
	GlobalSection(SolutionProperties) = preSolution
		HideSolutionNode = FALSE
	EndGlobalSection
	GlobalSection(ExtensibilityGlobals) = postSolution
		SolutionGuid = {C94D8627-B551-45DB-8C40-F96E7BEE2226}
	EndGlobalSection
EndGlobal
