
Microsoft Visual Studio Solution File, Format Version 12.00
# Visual Studio Version 16
VisualStudioVersion = 16.0.31515.178
MinimumVisualStudioVersion = 10.0.40219.1
Project("{FAE04EC0-301F-11D3-BF4B-00C04F79EFBC}") = "EfCoreCrud", "EfCoreCrud.csproj", "{88BFE802-A3FA-44D2-9FAD-2027BD9F8C8A}"
EndProject
Global
	GlobalSection(SolutionConfigurationPlatforms) = preSolution
		Debug|Any CPU = Debug|Any CPU
		Release|Any CPU = Release|Any CPU
	EndGlobalSection
	GlobalSection(ProjectConfigurationPlatforms) = postSolution
		{88BFE802-A3FA-44D2-9FAD-2027BD9F8C8A}.Debug|Any CPU.ActiveCfg = Debug|Any CPU
		{88BFE802-A3FA-44D2-9FAD-2027BD9F8C8A}.Debug|Any CPU.Build.0 = Debug|Any CPU
		{88BFE802-A3FA-44D2-9FAD-2027BD9F8C8A}.Release|Any CPU.ActiveCfg = Release|Any CPU
		{88BFE802-A3FA-44D2-9FAD-2027BD9F8C8A}.Release|Any CPU.Build.0 = Release|Any CPU
	EndGlobalSection
	GlobalSection(SolutionProperties) = preSolution
		HideSolutionNode = FALSE
	EndGlobalSection
	GlobalSection(ExtensibilityGlobals) = postSolution
		SolutionGuid = {82E2A878-300D-4C3C-8D84-66AC53D8570B}
	EndGlobalSection
EndGlobal
