
Microsoft Visual Studio Solution File, Format Version 12.00
# Visual Studio Version 16
VisualStudioVersion = 16.0.30621.155
MinimumVisualStudioVersion = 10.0.40219.1
Project("{FAE04EC0-301F-11D3-BF4B-00C04F79EFBC}") = "Lab3Two", "Lab3Two.csproj", "{BFF63E6F-65D7-4B39-88BE-99CAA9D34C23}"
EndProject
Global
	GlobalSection(SolutionConfigurationPlatforms) = preSolution
		Debug|Any CPU = Debug|Any CPU
		Release|Any CPU = Release|Any CPU
	EndGlobalSection
	GlobalSection(ProjectConfigurationPlatforms) = postSolution
		{BFF63E6F-65D7-4B39-88BE-99CAA9D34C23}.Debug|Any CPU.ActiveCfg = Debug|Any CPU
		{BFF63E6F-65D7-4B39-88BE-99CAA9D34C23}.Debug|Any CPU.Build.0 = Debug|Any CPU
		{BFF63E6F-65D7-4B39-88BE-99CAA9D34C23}.Release|Any CPU.ActiveCfg = Release|Any CPU
		{BFF63E6F-65D7-4B39-88BE-99CAA9D34C23}.Release|Any CPU.Build.0 = Release|Any CPU
	EndGlobalSection
	GlobalSection(SolutionProperties) = preSolution
		HideSolutionNode = FALSE
	EndGlobalSection
	GlobalSection(ExtensibilityGlobals) = postSolution
		SolutionGuid = {E9F3A98C-D6FB-42F2-9DF3-6BEC5AB2CAA0}
	EndGlobalSection
EndGlobal
