
Microsoft Visual Studio Solution File, Format Version 12.00
# Visual Studio Version 16
VisualStudioVersion = 16.0.30611.23
MinimumVisualStudioVersion = 10.0.40219.1
Project("{FAE04EC0-301F-11D3-BF4B-00C04F79EFBC}") = "Assignment1", "Assignment1.csproj", "{DA3A446D-68C7-4586-898D-B147BDDFE6CF}"
EndProject
Global
	GlobalSection(SolutionConfigurationPlatforms) = preSolution
		Debug|Any CPU = Debug|Any CPU
		Release|Any CPU = Release|Any CPU
	EndGlobalSection
	GlobalSection(ProjectConfigurationPlatforms) = postSolution
		{DA3A446D-68C7-4586-898D-B147BDDFE6CF}.Debug|Any CPU.ActiveCfg = Debug|Any CPU
		{DA3A446D-68C7-4586-898D-B147BDDFE6CF}.Debug|Any CPU.Build.0 = Debug|Any CPU
		{DA3A446D-68C7-4586-898D-B147BDDFE6CF}.Release|Any CPU.ActiveCfg = Release|Any CPU
		{DA3A446D-68C7-4586-898D-B147BDDFE6CF}.Release|Any CPU.Build.0 = Release|Any CPU
	EndGlobalSection
	GlobalSection(SolutionProperties) = preSolution
		HideSolutionNode = FALSE
	EndGlobalSection
	GlobalSection(ExtensibilityGlobals) = postSolution
		SolutionGuid = {ECDF6249-20B1-41D3-8D27-1A7B5458FE36}
	EndGlobalSection
EndGlobal
