
Microsoft Visual Studio Solution File, Format Version 12.00
# Visual Studio Version 16
VisualStudioVersion = 16.0.30621.155
MinimumVisualStudioVersion = 10.0.40219.1
Project("{FAE04EC0-301F-11D3-BF4B-00C04F79EFBC}") = "AdoNetConsoleAppCrud", "AdoNetConsoleAppCrud.csproj", "{58FF47BD-921E-4059-AC8B-12B8C5138EBF}"
EndProject
Global
	GlobalSection(SolutionConfigurationPlatforms) = preSolution
		Debug|Any CPU = Debug|Any CPU
		Release|Any CPU = Release|Any CPU
	EndGlobalSection
	GlobalSection(ProjectConfigurationPlatforms) = postSolution
		{58FF47BD-921E-4059-AC8B-12B8C5138EBF}.Debug|Any CPU.ActiveCfg = Debug|Any CPU
		{58FF47BD-921E-4059-AC8B-12B8C5138EBF}.Debug|Any CPU.Build.0 = Debug|Any CPU
		{58FF47BD-921E-4059-AC8B-12B8C5138EBF}.Release|Any CPU.ActiveCfg = Release|Any CPU
		{58FF47BD-921E-4059-AC8B-12B8C5138EBF}.Release|Any CPU.Build.0 = Release|Any CPU
	EndGlobalSection
	GlobalSection(SolutionProperties) = preSolution
		HideSolutionNode = FALSE
	EndGlobalSection
	GlobalSection(ExtensibilityGlobals) = postSolution
		SolutionGuid = {586B3C89-5A0B-4E66-B5BD-10CA7D7E3F6F}
	EndGlobalSection
EndGlobal
